<?xml version="1.0" encoding="utf-8"?>
<Project ToolsVersion="4.0" xmlns="http://schemas.microsoft.com/developer/msbuild/2003">
  <ItemGroup>
    <Filter Include="Исходные файлы">
      <UniqueIdentifier>{4FC737F1-C7A5-4376-A066-2A32D752A2FF}</UniqueIdentifier>
      <Extensions>cpp;c;cc;cxx;def;odl;idl;hpj;bat;asm;asmx</Extensions>
    </Filter>
    <Filter Include="Файлы заголовков">
      <UniqueIdentifier>{93995380-89BD-4b04-88EB-625FBE52EBFB}</UniqueIdentifier>
      <Extensions>h;hh;hpp;hxx;hm;inl;inc;ipp;xsd</Extensions>
    </Filter>
    <Filter Include="Файлы ресурсов">
      <UniqueIdentifier>{67DA6AB6-F800-4c08-8B7A-83BB121AAD01}</UniqueIdentifier>
      <Extensions>rc;ico;cur;bmp;dlg;rc2;rct;bin;rgs;gif;jpg;jpeg;jpe;resx;tiff;tif;png;wav;mfcribbon-ms</Extensions>
    </Filter>
  </ItemGroup>
  <ItemGroup>
    <ClCompile Include="color.cpp">
      <Filter>Исходные файлы</Filter>
    </ClCompile>
    <ClCompile Include="car.cpp">
      <Filter>Исходные файлы</Filter>
    </ClCompile>
    <ClCompile Include="enginevolume.cpp">
      <Filter>Исходные файлы</Filter>
    </ClCompile>
    <ClCompile Include="enginetype.cpp">
      <Filter>Исходные файлы</Filter>
    </ClCompile>
    <ClCompile Include="lenght.cpp">
      <Filter>Исходные файлы</Filter>
    </ClCompile>
    <ClCompile Include="weight.cpp">
      <Filter>Исходные файлы</Filter>
    </ClCompile>
    <ClCompile Include="height.cpp">
      <Filter>Исходные файлы</Filter>
    </ClCompile>
    <ClCompile Include="year.cpp">
      <Filter>Исходные файлы</Filter>
    </ClCompile>
    <ClCompile Include="doors.cpp">
      <Filter>Исходные файлы</Filter>
    </ClCompile>
    <ClCompile Include="model.cpp">
      <Filter>Исходные файлы</Filter>
    </ClCompile>
    <ClCompile Include="tires.cpp">
      <Filter>Исходные файлы</Filter>
    </ClCompile>
    <ClCompile Include="trunk.cpp">
      <Filter>Исходные файлы</Filter>
    </ClCompile>
    <ClCompile Include="trunkonroof.cpp">
      <Filter>Исходные файлы</Filter>
    </ClCompile>
    <ClCompile Include="mirrors.cpp">
      <Filter>Исходные файлы</Filter>
    </ClCompile>
    <ClCompile Include="seat.cpp">
      <Filter>Исходные файлы</Filter>
    </ClCompile>
    <ClCompile Include="akpp.cpp">
      <Filter>Исходные файлы</Filter>
    </ClCompile>
    <ClCompile Include="main.cpp">
      <Filter>Исходные файлы</Filter>
    </ClCompile>
  </ItemGroup>
  <ItemGroup>
    <ClInclude Include="color.h">
      <Filter>Файлы заголовков</Filter>
    </ClInclude>
    <ClInclude Include="car.h">
      <Filter>Файлы заголовков</Filter>
    </ClInclude>
    <ClInclude Include="keep.h">
      <Filter>Файлы заголовков</Filter>
    </ClInclude>
    <ClInclude Include="enginevolume.h">
      <Filter>Файлы заголовков</Filter>
    </ClInclude>
    <ClInclude Include="enginetype.h">
      <Filter>Файлы заголовков</Filter>
    </ClInclude>
    <ClInclude Include="lenght.h">
      <Filter>Файлы заголовков</Filter>
    </ClInclude>
    <ClInclude Include="weight.h">
      <Filter>Файлы заголовков</Filter>
    </ClInclude>
    <ClInclude Include="height.h">
      <Filter>Файлы заголовков</Filter>
    </ClInclude>
    <ClInclude Include="year.h">
      <Filter>Файлы заголовков</Filter>
    </ClInclude>
    <ClInclude Include="doors.h">
      <Filter>Файлы заголовков</Filter>
    </ClInclude>
    <ClInclude Include="model.h">
      <Filter>Файлы заголовков</Filter>
    </ClInclude>
    <ClInclude Include="tires.h">
      <Filter>Файлы заголовков</Filter>
    </ClInclude>
    <ClInclude Include="trunk.h">
      <Filter>Файлы заголовков</Filter>
    </ClInclude>
    <ClInclude Include="trunkonroof.h">
      <Filter>Файлы заголовков</Filter>
    </ClInclude>
    <ClInclude Include="mirrors.h">
      <Filter>Файлы заголовков</Filter>
    </ClInclude>
    <ClInclude Include="seat.h">
      <Filter>Файлы заголовков</Filter>
    </ClInclude>
    <ClInclude Include="akpp.h">
      <Filter>Файлы заголовков</Filter>
    </ClInclude>
    <ClInclude Include="passenger.h">
      <Filter>Файлы заголовков</Filter>
    </ClInclude>
    <ClInclude Include="passengerbuilder.h">
      <Filter>Файлы заголовков</Filter>
    </ClInclude>
    <ClInclude Include="VAZ.h">
      <Filter>Файлы заголовков</Filter>
    </ClInclude>
    <ClInclude Include="KIA.h">
      <Filter>Файлы заголовков</Filter>
    </ClInclude>
    <ClInclude Include="Nissan.h">
      <Filter>Файлы заголовков</Filter>
    </ClInclude>
    <ClInclude Include="Toyota.h">
      <Filter>Файлы заголовков</Filter>
    </ClInclude>
    <ClInclude Include="Director.h">
      <Filter>Файлы заголовков</Filter>
    </ClInclude>
    <ClInclude Include="menu.h">
      <Filter>Файлы заголовков</Filter>
    </ClInclude>
  </ItemGroup>
</Project>